
Microsoft Visual Studio Solution File, Format Version 11.00
# Visual Studio 2010
Project("{FAE04EC0-301F-11D3-BF4B-00C04F79EFBC}") = "AviertDirect", "AviertDirect.csproj", "{DB51FB69-AC8D-4C08-92FB-6355C066AD00}"
EndProject
Project("{FAE04EC0-301F-11D3-BF4B-00C04F79EFBC}") = "AviertDirectService", "..\AviertDirectService\AviertDirectService.csproj", "{A0FC18E2-F692-4B70-B4B5-856E617A984C}"
EndProject
Global
	GlobalSection(SolutionConfigurationPlatforms) = preSolution
		Debug|Any CPU = Debug|Any CPU
		Debug|Mixed Platforms = Debug|Mixed Platforms
		Debug|x86 = Debug|x86
		Release|Any CPU = Release|Any CPU
		Release|Mixed Platforms = Release|Mixed Platforms
		Release|x86 = Release|x86
	EndGlobalSection
	GlobalSection(ProjectConfigurationPlatforms) = postSolution
		{DB51FB69-AC8D-4C08-92FB-6355C066AD00}.Debug|Any CPU.ActiveCfg = Debug|Any CPU
		{DB51FB69-AC8D-4C08-92FB-6355C066AD00}.Debug|Any CPU.Build.0 = Debug|Any CPU
		{DB51FB69-AC8D-4C08-92FB-6355C066AD00}.Debug|Mixed Platforms.ActiveCfg = Debug|Any CPU
		{DB51FB69-AC8D-4C08-92FB-6355C066AD00}.Debug|Mixed Platforms.Build.0 = Debug|Any CPU
		{DB51FB69-AC8D-4C08-92FB-6355C066AD00}.Debug|x86.ActiveCfg = Debug|Any CPU
		{DB51FB69-AC8D-4C08-92FB-6355C066AD00}.Release|Any CPU.ActiveCfg = Release|Any CPU
		{DB51FB69-AC8D-4C08-92FB-6355C066AD00}.Release|Any CPU.Build.0 = Release|Any CPU
		{DB51FB69-AC8D-4C08-92FB-6355C066AD00}.Release|Mixed Platforms.ActiveCfg = Release|Any CPU
		{DB51FB69-AC8D-4C08-92FB-6355C066AD00}.Release|Mixed Platforms.Build.0 = Release|Any CPU
		{DB51FB69-AC8D-4C08-92FB-6355C066AD00}.Release|x86.ActiveCfg = Release|Any CPU
		{A0FC18E2-F692-4B70-B4B5-856E617A984C}.Debug|Any CPU.ActiveCfg = Debug|x86
		{A0FC18E2-F692-4B70-B4B5-856E617A984C}.Debug|Mixed Platforms.ActiveCfg = Debug|x86
		{A0FC18E2-F692-4B70-B4B5-856E617A984C}.Debug|Mixed Platforms.Build.0 = Debug|x86
		{A0FC18E2-F692-4B70-B4B5-856E617A984C}.Debug|x86.ActiveCfg = Debug|x86
		{A0FC18E2-F692-4B70-B4B5-856E617A984C}.Debug|x86.Build.0 = Debug|x86
		{A0FC18E2-F692-4B70-B4B5-856E617A984C}.Release|Any CPU.ActiveCfg = Release|x86
		{A0FC18E2-F692-4B70-B4B5-856E617A984C}.Release|Mixed Platforms.ActiveCfg = Release|x86
		{A0FC18E2-F692-4B70-B4B5-856E617A984C}.Release|Mixed Platforms.Build.0 = Release|x86
		{A0FC18E2-F692-4B70-B4B5-856E617A984C}.Release|x86.ActiveCfg = Release|x86
		{A0FC18E2-F692-4B70-B4B5-856E617A984C}.Release|x86.Build.0 = Release|x86
	EndGlobalSection
	GlobalSection(SolutionProperties) = preSolution
		HideSolutionNode = FALSE
	EndGlobalSection
EndGlobal
